
Microsoft Visual Studio Solution File, Format Version 12.00
# Visual Studio Version 17
VisualStudioVersion = 17.13.35825.156 d17.13
MinimumVisualStudioVersion = 10.0.40219.1
Project("{FAE04EC0-301F-11D3-BF4B-00C04F79EFBC}") = "AT2-WFCadastros", "AT2-WFCadastros\AT2-WFCadastros.csproj", "{76A9AC24-304A-464F-B411-63CE39441B63}"
EndProject
Project("{FAE04EC0-301F-11D3-BF4B-00C04F79EFBC}") = "AT2-WFCadastroPessoa", "AT2-WFCadastroPessoa\AT2-WFCadastroPessoa.csproj", "{FCDD1F49-0739-4B58-B62A-22478EB16E6C}"
EndProject
Global
	GlobalSection(SolutionConfigurationPlatforms) = preSolution
		Debug|Any CPU = Debug|Any CPU
		Release|Any CPU = Release|Any CPU
	EndGlobalSection
	GlobalSection(ProjectConfigurationPlatforms) = postSolution
		{76A9AC24-304A-464F-B411-63CE39441B63}.Debug|Any CPU.ActiveCfg = Debug|Any CPU
		{76A9AC24-304A-464F-B411-63CE39441B63}.Debug|Any CPU.Build.0 = Debug|Any CPU
		{76A9AC24-304A-464F-B411-63CE39441B63}.Release|Any CPU.ActiveCfg = Release|Any CPU
		{76A9AC24-304A-464F-B411-63CE39441B63}.Release|Any CPU.Build.0 = Release|Any CPU
		{FCDD1F49-0739-4B58-B62A-22478EB16E6C}.Debug|Any CPU.ActiveCfg = Debug|Any CPU
		{FCDD1F49-0739-4B58-B62A-22478EB16E6C}.Debug|Any CPU.Build.0 = Debug|Any CPU
		{FCDD1F49-0739-4B58-B62A-22478EB16E6C}.Release|Any CPU.ActiveCfg = Release|Any CPU
		{FCDD1F49-0739-4B58-B62A-22478EB16E6C}.Release|Any CPU.Build.0 = Release|Any CPU
	EndGlobalSection
	GlobalSection(SolutionProperties) = preSolution
		HideSolutionNode = FALSE
	EndGlobalSection
	GlobalSection(ExtensibilityGlobals) = postSolution
		SolutionGuid = {96D0489D-DF54-4C92-B55D-1B2503FC9C06}
	EndGlobalSection
EndGlobal
